
Microsoft Visual Studio Solution File, Format Version 12.00
# Visual Studio Version 17
VisualStudioVersion = 17.0.31903.59
MinimumVisualStudioVersion = 10.0.40219.1
Project("{2150E333-8FDC-42A3-9474-1A3956D46DE8}") = "FileGenerator", "FileGenerator", "{EAC3A46C-DD48-45F4-9704-9E6A0A546CA4}"
EndProject
Project("{2150E333-8FDC-42A3-9474-1A3956D46DE8}") = "src", "src", "{167877A0-376E-4147-87B6-0FAD4E647BDB}"
EndProject
Project("{FAE04EC0-301F-11D3-BF4B-00C04F79EFBC}") = "FileGenerator.Console", "FileGenerator\src\FileGenerator.Console\FileGenerator.Console.csproj", "{07CFC4D4-083C-4122-95B8-E82FB9DB2500}"
EndProject
Project("{2150E333-8FDC-42A3-9474-1A3956D46DE8}") = "FileSorter", "FileSorter", "{7FF44D15-2931-48AB-A164-EA0F04023363}"
EndProject
Project("{2150E333-8FDC-42A3-9474-1A3956D46DE8}") = "src", "src", "{51CB10C7-20A7-432F-B530-BF23415F1F43}"
EndProject
Project("{FAE04EC0-301F-11D3-BF4B-00C04F79EFBC}") = "FileSorter.Console", "FileSorter\src\FileSorter.Console\FileSorter.Console.csproj", "{49E3735E-0EF3-4EC6-A1BC-11DE8A6ACEF1}"
EndProject
Global
	GlobalSection(SolutionConfigurationPlatforms) = preSolution
		Debug|Any CPU = Debug|Any CPU
		Release|Any CPU = Release|Any CPU
	EndGlobalSection
	GlobalSection(SolutionProperties) = preSolution
		HideSolutionNode = FALSE
	EndGlobalSection
	GlobalSection(ProjectConfigurationPlatforms) = postSolution
		{07CFC4D4-083C-4122-95B8-E82FB9DB2500}.Debug|Any CPU.ActiveCfg = Debug|Any CPU
		{07CFC4D4-083C-4122-95B8-E82FB9DB2500}.Debug|Any CPU.Build.0 = Debug|Any CPU
		{07CFC4D4-083C-4122-95B8-E82FB9DB2500}.Release|Any CPU.ActiveCfg = Release|Any CPU
		{07CFC4D4-083C-4122-95B8-E82FB9DB2500}.Release|Any CPU.Build.0 = Release|Any CPU
		{49E3735E-0EF3-4EC6-A1BC-11DE8A6ACEF1}.Debug|Any CPU.ActiveCfg = Debug|Any CPU
		{49E3735E-0EF3-4EC6-A1BC-11DE8A6ACEF1}.Debug|Any CPU.Build.0 = Debug|Any CPU
		{49E3735E-0EF3-4EC6-A1BC-11DE8A6ACEF1}.Release|Any CPU.ActiveCfg = Release|Any CPU
		{49E3735E-0EF3-4EC6-A1BC-11DE8A6ACEF1}.Release|Any CPU.Build.0 = Release|Any CPU
	EndGlobalSection
	GlobalSection(NestedProjects) = preSolution
		{167877A0-376E-4147-87B6-0FAD4E647BDB} = {EAC3A46C-DD48-45F4-9704-9E6A0A546CA4}
		{07CFC4D4-083C-4122-95B8-E82FB9DB2500} = {167877A0-376E-4147-87B6-0FAD4E647BDB}
		{51CB10C7-20A7-432F-B530-BF23415F1F43} = {7FF44D15-2931-48AB-A164-EA0F04023363}
		{49E3735E-0EF3-4EC6-A1BC-11DE8A6ACEF1} = {51CB10C7-20A7-432F-B530-BF23415F1F43}
	EndGlobalSection
EndGlobal
